{
  "nodes": {
    "iree": {
      "flake": false,
      "locked": {
        "lastModified": 1786121953,
        "narHash": "sha256-Is/6bewx3XftudGfSvsCWRkQYug+/IEYBOXR5TmRMaY=",
        "ref": "refs/heads/main",
        "rev": "3699452d60c6dfe483df4675c7e98299fe790ec4",
        "revCount": 20359,
        "submodules": true,
        "type": "git",
        "url": "https://github.com/iree-org/iree.git"
      },
      "original": {
        "rev": "3699452d60c6dfe483df4675c7e98299fe790ec4",
        "submodules": true,
        "type": "git",
        "url": "https://github.com/iree-org/iree.git"
      }
    },
    "nixpkgs": {
      "locked": {
        "lastModified": 1782723713,
        "narHash": "sha256-oPXCU/SSUokcGaJREHibG1CBX3+s/W7orDWQOZDsEeQ=",
        "owner": "NixOS",
        "repo": "nixpkgs",
        "rev": "b5aa0fbd538984f6e3d201be0005b4463d8b09f8",
        "type": "github"
      },
      "original": {
        "owner": "NixOS",
        "ref": "nixos-unstable",
        "repo": "nixpkgs",
        "type": "github"
      }
    },
    "root": {
      "inputs": {
        "iree": "iree",
        "nixpkgs": "nixpkgs"
      }
    }
  },
  "root": "root",
  "version": 7
}
